// !$*UTF8*$!
{
	archiveVersion = 1;
	classes = {
	};
	objectVersion = 50;
	objects = {

/* Begin PBXBuildFile section */
		00D2277B4CCD4FB02A8916C4 /* Pods_CNavBarLib.framework in Frameworks */ = {isa = PBXBuildFile; fileRef = FE059F6ED47F587ABAD81548 /* Pods_CNavBarLib.framework */; };
		831B164D22F965E000E11577 /* HorizonatalProgressbar.swift in Sources */ = {isa = PBXBuildFile; fileRef = 831B164C22F965E000E11577 /* HorizonatalProgressbar.swift */; };
		8334197722F7DF1E001648F9 /* Constants.swift in Sources */ = {isa = PBXBuildFile; fileRef = 8334197622F7DF1E001648F9 /* Constants.swift */; };
		83F0E5AF22EBFE1E00525600 /* CNavBarLib.h in Headers */ = {isa = PBXBuildFile; fileRef = 83F0E5AD22EBFE1E00525600 /* CNavBarLib.h */; settings = {ATTRIBUTES = (Public, ); }; };
		83F0E5BA22EBFF7E00525600 /* Assets.xcassets in Resources */ = {isa = PBXBuildFile; fileRef = 83F0E5B522EBFF7E00525600 /* Assets.xcassets */; };
		83F0E5BB22EBFF7E00525600 /* CNavBar.xib in Resources */ = {isa = PBXBuildFile; fileRef = 83F0E5B622EBFF7E00525600 /* CNavBar.xib */; };
		83F0E5BC22EBFF7E00525600 /* UIColor+HexColor.swift in Sources */ = {isa = PBXBuildFile; fileRef = 83F0E5B722EBFF7E00525600 /* UIColor+HexColor.swift */; };
		83F0E5BD22EBFF7E00525600 /* LinearProgressBar.swift in Sources */ = {isa = PBXBuildFile; fileRef = 83F0E5B822EBFF7E00525600 /* LinearProgressBar.swift */; };
		83F0E5BE22EBFF7E00525600 /* CustomNavigationController.swift in Sources */ = {isa = PBXBuildFile; fileRef = 83F0E5B922EBFF7E00525600 /* CustomNavigationController.swift */; };
		83F0E5C022EC0A5000525600 /* LICENSE in Resources */ = {isa = PBXBuildFile; fileRef = 83F0E5BF22EC0A5000525600 /* LICENSE */; };
/* End PBXBuildFile section */

/* Begin PBXFileReference section */
		1F376309163E69C820E59336 /* Pods-CNavBarLib.debug.xcconfig */ = {isa = PBXFileReference; includeInIndex = 1; lastKnownFileType = text.xcconfig; name = "Pods-CNavBarLib.debug.xcconfig"; path = "Target Support Files/Pods-CNavBarLib/Pods-CNavBarLib.debug.xcconfig"; sourceTree = "<group>"; };
		66F85D3F331CB7AC8738ECBD /* Pods-CNavBarLib.release.xcconfig */ = {isa = PBXFileReference; includeInIndex = 1; lastKnownFileType = text.xcconfig; name = "Pods-CNavBarLib.release.xcconfig"; path = "Target Support Files/Pods-CNavBarLib/Pods-CNavBarLib.release.xcconfig"; sourceTree = "<group>"; };
		831B164C22F965E000E11577 /* HorizonatalProgressbar.swift */ = {isa = PBXFileReference; lastKnownFileType = sourcecode.swift; path = HorizonatalProgressbar.swift; sourceTree = "<group>"; };
		8334197622F7DF1E001648F9 /* Constants.swift */ = {isa = PBXFileReference; lastKnownFileType = sourcecode.swift; path = Constants.swift; sourceTree = "<group>"; };
		83F0E5AA22EBFE1E00525600 /* CNavBarLib.framework */ = {isa = PBXFileReference; explicitFileType = wrapper.framework; includeInIndex = 0; path = CNavBarLib.framework; sourceTree = BUILT_PRODUCTS_DIR; };
		83F0E5AD22EBFE1E00525600 /* CNavBarLib.h */ = {isa = PBXFileReference; lastKnownFileType = sourcecode.c.h; path = CNavBarLib.h; sourceTree = "<group>"; };
		83F0E5AE22EBFE1E00525600 /* Info.plist */ = {isa = PBXFileReference; lastKnownFileType = text.plist.xml; path = Info.plist; sourceTree = "<group>"; };
		83F0E5B522EBFF7E00525600 /* Assets.xcassets */ = {isa = PBXFileReference; lastKnownFileType = folder.assetcatalog; path = Assets.xcassets; sourceTree = "<group>"; };
		83F0E5B622EBFF7E00525600 /* CNavBar.xib */ = {isa = PBXFileReference; fileEncoding = 4; lastKnownFileType = file.xib; path = CNavBar.xib; sourceTree = "<group>"; };
		83F0E5B722EBFF7E00525600 /* UIColor+HexColor.swift */ = {isa = PBXFileReference; fileEncoding = 4; lastKnownFileType = sourcecode.swift; path = "UIColor+HexColor.swift"; sourceTree = "<group>"; };
		83F0E5B822EBFF7E00525600 /* LinearProgressBar.swift */ = {isa = PBXFileReference; fileEncoding = 4; lastKnownFileType = sourcecode.swift; path = LinearProgressBar.swift; sourceTree = "<group>"; };
		83F0E5B922EBFF7E00525600 /* CustomNavigationController.swift */ = {isa = PBXFileReference; fileEncoding = 4; lastKnownFileType = sourcecode.swift; path = CustomNavigationController.swift; sourceTree = "<group>"; };
		83F0E5BF22EC0A5000525600 /* LICENSE */ = {isa = PBXFileReference; fileEncoding = 4; lastKnownFileType = text; path = LICENSE; sourceTree = SOURCE_ROOT; };
		FE059F6ED47F587ABAD81548 /* Pods_CNavBarLib.framework */ = {isa = PBXFileReference; explicitFileType = wrapper.framework; includeInIndex = 0; path = Pods_CNavBarLib.framework; sourceTree = BUILT_PRODUCTS_DIR; };
/* End PBXFileReference section */

/* Begin PBXFrameworksBuildPhase section */
		83F0E5A722EBFE1E00525600 /* Frameworks */ = {
			isa = PBXFrameworksBuildPhase;
			buildActionMask = 2147483647;
			files = (
				00D2277B4CCD4FB02A8916C4 /* Pods_CNavBarLib.framework in Frameworks */,
			);
			runOnlyForDeploymentPostprocessing = 0;
		};
/* End PBXFrameworksBuildPhase section */

/* Begin PBXGroup section */
		16A10A68A2597E3FEADBE5A7 /* Pods */ = {
			isa = PBXGroup;
			children = (
				1F376309163E69C820E59336 /* Pods-CNavBarLib.debug.xcconfig */,
				66F85D3F331CB7AC8738ECBD /* Pods-CNavBarLib.release.xcconfig */,
			);
			path = Pods;
			sourceTree = "<group>";
		};
		83F0E5A022EBFE1E00525600 = {
			isa = PBXGroup;
			children = (
				83F0E5AC22EBFE1E00525600 /* CNavBarLib */,
				83F0E5AB22EBFE1E00525600 /* Products */,
				16A10A68A2597E3FEADBE5A7 /* Pods */,
				C8866D1CB812D78B8AC96060 /* Frameworks */,
			);
			sourceTree = "<group>";
		};
		83F0E5AB22EBFE1E00525600 /* Products */ = {
			isa = PBXGroup;
			children = (
				83F0E5AA22EBFE1E00525600 /* CNavBarLib.framework */,
			);
			name = Products;
			sourceTree = "<group>";
		};
		83F0E5AC22EBFE1E00525600 /* CNavBarLib */ = {
			isa = PBXGroup;
			children = (
				83F0E5BF22EC0A5000525600 /* LICENSE */,
				83F0E5B522EBFF7E00525600 /* Assets.xcassets */,
				83F0E5B922EBFF7E00525600 /* CustomNavigationController.swift */,
				83F0E5B622EBFF7E00525600 /* CNavBar.xib */,
				83F0E5B822EBFF7E00525600 /* LinearProgressBar.swift */,
				831B164C22F965E000E11577 /* HorizonatalProgressbar.swift */,
				83F0E5B722EBFF7E00525600 /* UIColor+HexColor.swift */,
				83F0E5AD22EBFE1E00525600 /* CNavBarLib.h */,
				83F0E5AE22EBFE1E00525600 /* Info.plist */,
				8334197622F7DF1E001648F9 /* Constants.swift */,
			);
			path = CNavBarLib;
			sourceTree = "<group>";
		};
		C8866D1CB812D78B8AC96060 /* Frameworks */ = {
			isa = PBXGroup;
			children = (
				FE059F6ED47F587ABAD81548 /* Pods_CNavBarLib.framework */,
			);
			name = Frameworks;
			sourceTree = "<group>";
		};
/* End PBXGroup section */

/* Begin PBXHeadersBuildPhase section */
		83F0E5A522EBFE1E00525600 /* Headers */ = {
			isa = PBXHeadersBuildPhase;
			buildActionMask = 2147483647;
			files = (
				83F0E5AF22EBFE1E00525600 /* CNavBarLib.h in Headers */,
			);
			runOnlyForDeploymentPostprocessing = 0;
		};
/* End PBXHeadersBuildPhase section */

/* Begin PBXNativeTarget section */
		83F0E5A922EBFE1E00525600 /* CNavBarLib */ = {
			isa = PBXNativeTarget;
			buildConfigurationList = 83F0E5B222EBFE1E00525600 /* Build configuration list for PBXNativeTarget "CNavBarLib" */;
			buildPhases = (
				831B164722F7F00900E11577 /* ShellScript */,
				AD41B224681998BA5E111849 /* [CP] Check Pods Manifest.lock */,
				83F0E5A522EBFE1E00525600 /* Headers */,
				83F0E5A622EBFE1E00525600 /* Sources */,
				83F0E5A722EBFE1E00525600 /* Frameworks */,
				83F0E5A822EBFE1E00525600 /* Resources */,
			);
			buildRules = (
			);
			dependencies = (
			);
			name = CNavBarLib;
			productName = CNavBarLib;
			productReference = 83F0E5AA22EBFE1E00525600 /* CNavBarLib.framework */;
			productType = "com.apple.product-type.framework";
		};
/* End PBXNativeTarget section */

/* Begin PBXProject section */
		83F0E5A122EBFE1E00525600 /* Project object */ = {
			isa = PBXProject;
			attributes = {
				LastUpgradeCheck = 1020;
				ORGANIZATIONNAME = "Talish George";
				TargetAttributes = {
					83F0E5A922EBFE1E00525600 = {
						CreatedOnToolsVersion = 10.2.1;
						LastSwiftMigration = 1020;
					};
				};
			};
			buildConfigurationList = 83F0E5A422EBFE1E00525600 /* Build configuration list for PBXProject "CNavBarLib" */;
			compatibilityVersion = "Xcode 9.3";
			developmentRegion = en;
			hasScannedForEncodings = 0;
			knownRegions = (
				en,
			);
			mainGroup = 83F0E5A022EBFE1E00525600;
			productRefGroup = 83F0E5AB22EBFE1E00525600 /* Products */;
			projectDirPath = "";
			projectRoot = "";
			targets = (
				83F0E5A922EBFE1E00525600 /* CNavBarLib */,
			);
		};
/* End PBXProject section */

/* Begin PBXResourcesBuildPhase section */
		83F0E5A822EBFE1E00525600 /* Resources */ = {
			isa = PBXResourcesBuildPhase;
			buildActionMask = 2147483647;
			files = (
				83F0E5C022EC0A5000525600 /* LICENSE in Resources */,
				83F0E5BA22EBFF7E00525600 /* Assets.xcassets in Resources */,
				83F0E5BB22EBFF7E00525600 /* CNavBar.xib in Resources */,
			);
			runOnlyForDeploymentPostprocessing = 0;
		};
/* End PBXResourcesBuildPhase section */

/* Begin PBXShellScriptBuildPhase section */
		831B164722F7F00900E11577 /* ShellScript */ = {
			isa = PBXShellScriptBuildPhase;
			buildActionMask = 2147483647;
			files = (
			);
			inputFileListPaths = (
			);
			inputPaths = (
			);
			outputFileListPaths = (
			);
			outputPaths = (
			);
			runOnlyForDeploymentPostprocessing = 0;
			shellPath = /bin/sh;
			shellScript = "\"${PODS_ROOT}/SwiftLint/swiftlint\"\n";
		};
		AD41B224681998BA5E111849 /* [CP] Check Pods Manifest.lock */ = {
			isa = PBXShellScriptBuildPhase;
			buildActionMask = 2147483647;
			files = (
			);
			inputFileListPaths = (
			);
			inputPaths = (
				"${PODS_PODFILE_DIR_PATH}/Podfile.lock",
				"${PODS_ROOT}/Manifest.lock",
			);
			name = "[CP] Check Pods Manifest.lock";
			outputFileListPaths = (
			);
			outputPaths = (
				"$(DERIVED_FILE_DIR)/Pods-CNavBarLib-checkManifestLockResult.txt",
			);
			runOnlyForDeploymentPostprocessing = 0;
			shellPath = /bin/sh;
			shellScript = "diff \"${PODS_PODFILE_DIR_PATH}/Podfile.lock\" \"${PODS_ROOT}/Manifest.lock\" > /dev/null\nif [ $? != 0 ] ; then\n    # print error to STDERR\n    echo \"error: The sandbox is not in sync with the Podfile.lock. Run 'pod install' or update your CocoaPods installation.\" >&2\n    exit 1\nfi\n# This output is used by Xcode 'outputs' to avoid re-running this script phase.\necho \"SUCCESS\" > \"${SCRIPT_OUTPUT_FILE_0}\"\n";
			showEnvVarsInLog = 0;
		};
/* End PBXShellScriptBuildPhase section */

/* Begin PBXSourcesBuildPhase section */
		83F0E5A622EBFE1E00525600 /* Sources */ = {
			isa = PBXSourcesBuildPhase;
			buildActionMask = 2147483647;
			files = (
				8334197722F7DF1E001648F9 /* Constants.swift in Sources */,
				83F0E5BE22EBFF7E00525600 /* CustomNavigationController.swift in Sources */,
				83F0E5BC22EBFF7E00525600 /* UIColor+HexColor.swift in Sources */,
				831B164D22F965E000E11577 /* HorizonatalProgressbar.swift in Sources */,
				83F0E5BD22EBFF7E00525600 /* LinearProgressBar.swift in Sources */,
			);
			runOnlyForDeploymentPostprocessing = 0;
		};
/* End PBXSourcesBuildPhase section */

/* Begin XCBuildConfiguration section */
		83F0E5B022EBFE1E00525600 /* Debug */ = {
			isa = XCBuildConfiguration;
			buildSettings = {
				ALWAYS_SEARCH_USER_PATHS = NO;
				CLANG_ANALYZER_NONNULL = YES;
				CLANG_ANALYZER_NUMBER_OBJECT_CONVERSION = YES_AGGRESSIVE;
				CLANG_CXX_LANGUAGE_STANDARD = "gnu++14";
				CLANG_CXX_LIBRARY = "libc++";
				CLANG_ENABLE_MODULES = YES;
				CLANG_ENABLE_OBJC_ARC = YES;
				CLANG_ENABLE_OBJC_WEAK = YES;
				CLANG_WARN_BLOCK_CAPTURE_AUTORELEASING = YES;
				CLANG_WARN_BOOL_CONVERSION = YES;
				CLANG_WARN_COMMA = YES;
				CLANG_WARN_CONSTANT_CONVERSION = YES;
				CLANG_WARN_DEPRECATED_OBJC_IMPLEMENTATIONS = YES;
				CLANG_WARN_DIRECT_OBJC_ISA_USAGE = YES_ERROR;
				CLANG_WARN_DOCUMENTATION_COMMENTS = YES;
				CLANG_WARN_EMPTY_BODY = YES;
				CLANG_WARN_ENUM_CONVERSION = YES;
				CLANG_WARN_INFINITE_RECURSION = YES;
				CLANG_WARN_INT_CONVERSION = YES;
				CLANG_WARN_NON_LITERAL_NULL_CONVERSION = YES;
				CLANG_WARN_OBJC_IMPLICIT_RETAIN_SELF = YES;
				CLANG_WARN_OBJC_LITERAL_CONVERSION = YES;
				CLANG_WARN_OBJC_ROOT_CLASS = YES_ERROR;
				CLANG_WARN_RANGE_LOOP_ANALYSIS = YES;
				CLANG_WARN_STRICT_PROTOTYPES = YES;
				CLANG_WARN_SUSPICIOUS_MOVE = YES;
				CLANG_WARN_UNGUARDED_AVAILABILITY = YES_AGGRESSIVE;
				CLANG_WARN_UNREACHABLE_CODE = YES;
				CLANG_WARN__DUPLICATE_METHOD_MATCH = YES;
				CODE_SIGN_IDENTITY = "iPhone Developer";
				COPY_PHASE_STRIP = NO;
				CURRENT_PROJECT_VERSION = 1;
				DEBUG_INFORMATION_FORMAT = dwarf;
				ENABLE_STRICT_OBJC_MSGSEND = YES;
				ENABLE_TESTABILITY = YES;
				GCC_C_LANGUAGE_STANDARD = gnu11;
				GCC_DYNAMIC_NO_PIC = NO;
				GCC_NO_COMMON_BLOCKS = YES;
				GCC_OPTIMIZATION_LEVEL = 0;
				GCC_PREPROCESSOR_DEFINITIONS = (
					"DEBUG=1",
					"$(inherited)",
				);
				GCC_WARN_64_TO_32_BIT_CONVERSION = YES;
				GCC_WARN_ABOUT_RETURN_TYPE = YES_ERROR;
				GCC_WARN_UNDECLARED_SELECTOR = YES;
				GCC_WARN_UNINITIALIZED_AUTOS = YES_AGGRESSIVE;
				GCC_WARN_UNUSED_FUNCTION = YES;
				GCC_WARN_UNUSED_VARIABLE = YES;
				IPHONEOS_DEPLOYMENT_TARGET = 12.2;
				MTL_ENABLE_DEBUG_INFO = INCLUDE_SOURCE;
				MTL_FAST_MATH = YES;
				ONLY_ACTIVE_ARCH = YES;
				SDKROOT = iphoneos;
				SWIFT_ACTIVE_COMPILATION_CONDITIONS = DEBUG;
				SWIFT_OPTIMIZATION_LEVEL = "-Onone";
				VERSIONING_SYSTEM = "apple-generic";
				VERSION_INFO_PREFIX = "";
			};
			name = Debug;
		};
		83F0E5B122EBFE1E00525600 /* Release */ = {
			isa = XCBuildConfiguration;
			buildSettings = {
				ALWAYS_SEARCH_USER_PATHS = NO;
				CLANG_ANALYZER_NONNULL = YES;
				CLANG_ANALYZER_NUMBER_OBJECT_CONVERSION = YES_AGGRESSIVE;
				CLANG_CXX_LANGUAGE_STANDARD = "gnu++14";
				CLANG_CXX_LIBRARY = "libc++";
				CLANG_ENABLE_MODULES = YES;
				CLANG_ENABLE_OBJC_ARC = YES;
				CLANG_ENABLE_OBJC_WEAK = YES;
				CLANG_WARN_BLOCK_CAPTURE_AUTORELEASING = YES;
				CLANG_WARN_BOOL_CONVERSION = YES;
				CLANG_WARN_COMMA = YES;
				CLANG_WARN_CONSTANT_CONVERSION = YES;
				CLANG_WARN_DEPRECATED_OBJC_IMPLEMENTATIONS = YES;
				CLANG_WARN_DIRECT_OBJC_ISA_USAGE = YES_ERROR;
				CLANG_WARN_DOCUMENTATION_COMMENTS = YES;
				CLANG_WARN_EMPTY_BODY = YES;
				CLANG_WARN_ENUM_CONVERSION = YES;
				CLANG_WARN_INFINITE_RECURSION = YES;
				CLANG_WARN_INT_CONVERSION = YES;
				CLANG_WARN_NON_LITERAL_NULL_CONVERSION = YES;
				CLANG_WARN_OBJC_IMPLICIT_RETAIN_SELF = YES;
				CLANG_WARN_OBJC_LITERAL_CONVERSION = YES;
				CLANG_WARN_OBJC_ROOT_CLASS = YES_ERROR;
				CLANG_WARN_RANGE_LOOP_ANALYSIS = YES;
				CLANG_WARN_STRICT_PROTOTYPES = YES;
				CLANG_WARN_SUSPICIOUS_MOVE = YES;
				CLANG_WARN_UNGUARDED_AVAILABILITY = YES_AGGRESSIVE;
				CLANG_WARN_UNREACHABLE_CODE = YES;
				CLANG_WARN__DUPLICATE_METHOD_MATCH = YES;
				CODE_SIGN_IDENTITY = "iPhone Developer";
				COPY_PHASE_STRIP = NO;
				CURRENT_PROJECT_VERSION = 1;
				DEBUG_INFORMATION_FORMAT = "dwarf-with-dsym";
				ENABLE_NS_ASSERTIONS = NO;
				ENABLE_STRICT_OBJC_MSGSEND = YES;
				GCC_C_LANGUAGE_STANDARD = gnu11;
				GCC_NO_COMMON_BLOCKS = YES;
				GCC_WARN_64_TO_32_BIT_CONVERSION = YES;
				GCC_WARN_ABOUT_RETURN_TYPE = YES_ERROR;
				GCC_WARN_UNDECLARED_SELECTOR = YES;
				GCC_WARN_UNINITIALIZED_AUTOS = YES_AGGRESSIVE;
				GCC_WARN_UNUSED_FUNCTION = YES;
				GCC_WARN_UNUSED_VARIABLE = YES;
				IPHONEOS_DEPLOYMENT_TARGET = 12.2;
				MTL_ENABLE_DEBUG_INFO = NO;
				MTL_FAST_MATH = YES;
				SDKROOT = iphoneos;
				SWIFT_COMPILATION_MODE = wholemodule;
				SWIFT_OPTIMIZATION_LEVEL = "-O";
				VALIDATE_PRODUCT = YES;
				VERSIONING_SYSTEM = "apple-generic";
				VERSION_INFO_PREFIX = "";
			};
			name = Release;
		};
		83F0E5B322EBFE1E00525600 /* Debug */ = {
			isa = XCBuildConfiguration;
			baseConfigurationReference = 1F376309163E69C820E59336 /* Pods-CNavBarLib.debug.xcconfig */;
			buildSettings = {
				CLANG_ENABLE_MODULES = YES;
				CODE_SIGN_IDENTITY = "";
				CODE_SIGN_STYLE = Automatic;
				DEFINES_MODULE = YES;
				DYLIB_COMPATIBILITY_VERSION = 1;
				DYLIB_CURRENT_VERSION = 1;
				DYLIB_INSTALL_NAME_BASE = "@rpath";
				INFOPLIST_FILE = CNavBarLib/Info.plist;
				INSTALL_PATH = "$(LOCAL_LIBRARY_DIR)/Frameworks";
				LD_RUNPATH_SEARCH_PATHS = (
					"$(inherited)",
					"@executable_path/Frameworks",
					"@loader_path/Frameworks",
				);
				PRODUCT_BUNDLE_IDENTIFIER = com.CG.CNavBarLib;
				PRODUCT_NAME = "$(TARGET_NAME:c99extidentifier)";
				SKIP_INSTALL = YES;
				SWIFT_OPTIMIZATION_LEVEL = "-Onone";
				SWIFT_VERSION = 5.0;
				TARGETED_DEVICE_FAMILY = "1,2";
			};
			name = Debug;
		};
		83F0E5B422EBFE1E00525600 /* Release */ = {
			isa = XCBuildConfiguration;
			baseConfigurationReference = 66F85D3F331CB7AC8738ECBD /* Pods-CNavBarLib.release.xcconfig */;
			buildSettings = {
				CLANG_ENABLE_MODULES = YES;
				CODE_SIGN_IDENTITY = "";
				CODE_SIGN_STYLE = Automatic;
				DEFINES_MODULE = YES;
				DYLIB_COMPATIBILITY_VERSION = 1;
				DYLIB_CURRENT_VERSION = 1;
				DYLIB_INSTALL_NAME_BASE = "@rpath";
				INFOPLIST_FILE = CNavBarLib/Info.plist;
				INSTALL_PATH = "$(LOCAL_LIBRARY_DIR)/Frameworks";
				LD_RUNPATH_SEARCH_PATHS = (
					"$(inherited)",
					"@executable_path/Frameworks",
					"@loader_path/Frameworks",
				);
				PRODUCT_BUNDLE_IDENTIFIER = com.CG.CNavBarLib;
				PRODUCT_NAME = "$(TARGET_NAME:c99extidentifier)";
				SKIP_INSTALL = YES;
				SWIFT_VERSION = 5.0;
				TARGETED_DEVICE_FAMILY = "1,2";
			};
			name = Release;
		};
/* End XCBuildConfiguration section */

/* Begin XCConfigurationList section */
		83F0E5A422EBFE1E00525600 /* Build configuration list for PBXProject "CNavBarLib" */ = {
			isa = XCConfigurationList;
			buildConfigurations = (
				83F0E5B022EBFE1E00525600 /* Debug */,
				83F0E5B122EBFE1E00525600 /* Release */,
			);
			defaultConfigurationIsVisible = 0;
			defaultConfigurationName = Release;
		};
		83F0E5B222EBFE1E00525600 /* Build configuration list for PBXNativeTarget "CNavBarLib" */ = {
			isa = XCConfigurationList;
			buildConfigurations = (
				83F0E5B322EBFE1E00525600 /* Debug */,
				83F0E5B422EBFE1E00525600 /* Release */,
			);
			defaultConfigurationIsVisible = 0;
			defaultConfigurationName = Release;
		};
/* End XCConfigurationList section */
	};
	rootObject = 83F0E5A122EBFE1E00525600 /* Project object */;
}
